
Microsoft Visual Studio Solution File, Format Version 12.00
Project("{FAE04EC0-301F-11D3-BF4B-00C04F79EFBC}") = "GamePointsCalculator", "GamePointsCalculator\GamePointsCalculator.csproj", "{6BB832F9-4B00-4B60-9061-9433E36CDB77}"
EndProject
Project("{FAE04EC0-301F-11D3-BF4B-00C04F79EFBC}") = "Data", "Data\Data.csproj", "{806FB4D2-1B42-49F5-A575-E852D4010B1C}"
EndProject
Project("{2150E333-8FDC-42A3-9474-1A3956D46DE8}") = "1. WebUILayer", "1. WebUILayer", "{FAA90583-7FF9-4E80-8677-3F4DCED92B4F}"
EndProject
Project("{2150E333-8FDC-42A3-9474-1A3956D46DE8}") = "2. LogicLayer", "2. LogicLayer", "{3B63E45C-C304-433A-8E7C-B5A0BF3527A8}"
EndProject
Project("{2150E333-8FDC-42A3-9474-1A3956D46DE8}") = "3. DataAcsassLayer", "3. DataAcsassLayer", "{896E53B5-66B4-4117-A99C-86660D8CAA81}"
EndProject
Project("{2150E333-8FDC-42A3-9474-1A3956D46DE8}") = "4. Core", "4. Core", "{0A074D00-1680-4939-80DD-7785EA62C948}"
EndProject
Project("{FAE04EC0-301F-11D3-BF4B-00C04F79EFBC}") = "Core", "Core\Core.csproj", "{705A9EF3-30A3-4898-A2B6-AC6228FA239B}"
EndProject
Project("{FAE04EC0-301F-11D3-BF4B-00C04F79EFBC}") = "Logic", "Logic\Logic.csproj", "{350512F5-ADEE-41B1-A191-67461535F72C}"
EndProject
Global
	GlobalSection(SolutionConfigurationPlatforms) = preSolution
		Debug|Any CPU = Debug|Any CPU
		Release|Any CPU = Release|Any CPU
	EndGlobalSection
	GlobalSection(ProjectConfigurationPlatforms) = postSolution
		{6BB832F9-4B00-4B60-9061-9433E36CDB77}.Debug|Any CPU.ActiveCfg = Debug|Any CPU
		{6BB832F9-4B00-4B60-9061-9433E36CDB77}.Debug|Any CPU.Build.0 = Debug|Any CPU
		{6BB832F9-4B00-4B60-9061-9433E36CDB77}.Release|Any CPU.ActiveCfg = Release|Any CPU
		{6BB832F9-4B00-4B60-9061-9433E36CDB77}.Release|Any CPU.Build.0 = Release|Any CPU
		{806FB4D2-1B42-49F5-A575-E852D4010B1C}.Debug|Any CPU.ActiveCfg = Debug|Any CPU
		{806FB4D2-1B42-49F5-A575-E852D4010B1C}.Debug|Any CPU.Build.0 = Debug|Any CPU
		{806FB4D2-1B42-49F5-A575-E852D4010B1C}.Release|Any CPU.ActiveCfg = Release|Any CPU
		{806FB4D2-1B42-49F5-A575-E852D4010B1C}.Release|Any CPU.Build.0 = Release|Any CPU
		{705A9EF3-30A3-4898-A2B6-AC6228FA239B}.Debug|Any CPU.ActiveCfg = Debug|Any CPU
		{705A9EF3-30A3-4898-A2B6-AC6228FA239B}.Debug|Any CPU.Build.0 = Debug|Any CPU
		{705A9EF3-30A3-4898-A2B6-AC6228FA239B}.Release|Any CPU.ActiveCfg = Release|Any CPU
		{705A9EF3-30A3-4898-A2B6-AC6228FA239B}.Release|Any CPU.Build.0 = Release|Any CPU
		{350512F5-ADEE-41B1-A191-67461535F72C}.Debug|Any CPU.ActiveCfg = Debug|Any CPU
		{350512F5-ADEE-41B1-A191-67461535F72C}.Debug|Any CPU.Build.0 = Debug|Any CPU
		{350512F5-ADEE-41B1-A191-67461535F72C}.Release|Any CPU.ActiveCfg = Release|Any CPU
		{350512F5-ADEE-41B1-A191-67461535F72C}.Release|Any CPU.Build.0 = Release|Any CPU
	EndGlobalSection
	GlobalSection(NestedProjects) = preSolution
		{806FB4D2-1B42-49F5-A575-E852D4010B1C} = {896E53B5-66B4-4117-A99C-86660D8CAA81}
		{6BB832F9-4B00-4B60-9061-9433E36CDB77} = {FAA90583-7FF9-4E80-8677-3F4DCED92B4F}
		{705A9EF3-30A3-4898-A2B6-AC6228FA239B} = {0A074D00-1680-4939-80DD-7785EA62C948}
		{350512F5-ADEE-41B1-A191-67461535F72C} = {3B63E45C-C304-433A-8E7C-B5A0BF3527A8}
	EndGlobalSection
EndGlobal
